# THIS IS AN AUTOGENERATED FILE. DO NOT EDIT THIS FILE DIRECTLY.
# yarn lockfile v1


whitepaper-bem@^1.0.0:
  version "1.0.0"
  resolved "https://registry.yarnpkg.com/whitepaper-bem/-/whitepaper-bem-1.0.0.tgz#5079f33157d8d9599a89a9ffff46c1b96fb5c31d"
  integrity sha512-hdlp2H5YMzfQ2cOdeHa/18dqyjGRrDcRcN7Sq5zaOSEVyy8+4ZDe0DafNYIjBzDgTBJShCuDSIh4xK8Elsz5WQ==
